// !$*UTF8*$!
{
	archiveVersion = 1;
	classes = {
	};
	objectVersion = 50;
	objects = {

/* Begin PBXBuildFile section */
		632848EF25A5A5DF00E6C644 /* AppDelegate.swift in Sources */ = {isa = PBXBuildFile; fileRef = 632848EE25A5A5DF00E6C644 /* AppDelegate.swift */; };
		632848F125A5A5DF00E6C644 /* CemeraImageRendererShaders.metal in Sources */ = {isa = PBXBuildFile; fileRef = 632848F025A5A5DF00E6C644 /* CemeraImageRendererShaders.metal */; };
		632848F425A5A5DF00E6C644 /* Renderer.swift in Sources */ = {isa = PBXBuildFile; fileRef = 632848F325A5A5DF00E6C644 /* Renderer.swift */; };
		632848F625A5A5DF00E6C644 /* ViewController.swift in Sources */ = {isa = PBXBuildFile; fileRef = 632848F525A5A5DF00E6C644 /* ViewController.swift */; };
		632848F925A5A5DF00E6C644 /* Main.storyboard in Resources */ = {isa = PBXBuildFile; fileRef = 632848F725A5A5DF00E6C644 /* Main.storyboard */; };
		632848FB25A5A5E000E6C644 /* Assets.xcassets in Resources */ = {isa = PBXBuildFile; fileRef = 632848FA25A5A5E000E6C644 /* Assets.xcassets */; };
		632848FE25A5A5E000E6C644 /* LaunchScreen.storyboard in Resources */ = {isa = PBXBuildFile; fileRef = 632848FC25A5A5E000E6C644 /* LaunchScreen.storyboard */; };
		6328490B25A775C300E6C644 /* DepthToVertexRenderer.swift in Sources */ = {isa = PBXBuildFile; fileRef = 6328490A25A775C300E6C644 /* DepthToVertexRenderer.swift */; };
		6379D67425B5DC470047D675 /* DepthToVertexRendererShaders.metal in Sources */ = {isa = PBXBuildFile; fileRef = 6379D67325B5DC470047D675 /* DepthToVertexRendererShaders.metal */; };
		63A8FCC425B1403C002CFCE4 /* Helper.swift in Sources */ = {isa = PBXBuildFile; fileRef = 63A8FCC325B1403C002CFCE4 /* Helper.swift */; };
		63AD092325B02E6900BC52F1 /* MetalBuffer.swift in Sources */ = {isa = PBXBuildFile; fileRef = 63AD092225B02E6900BC52F1 /* MetalBuffer.swift */; };
		63AD092825B034C000BC52F1 /* CameraImageRenderer.swift in Sources */ = {isa = PBXBuildFile; fileRef = 63AD092725B034C000BC52F1 /* CameraImageRenderer.swift */; };
		63C520BC25C97EDD007F2BD0 /* TSDFFusionRendererShaders.metal in Sources */ = {isa = PBXBuildFile; fileRef = 63C520BB25C97EDD007F2BD0 /* TSDFFusionRendererShaders.metal */; };
/* End PBXBuildFile section */

/* Begin PBXFileReference section */
		632848EB25A5A5DF00E6C644 /* LiDARBasedKinectFusion.app */ = {isa = PBXFileReference; explicitFileType = wrapper.application; includeInIndex = 0; path = LiDARBasedKinectFusion.app; sourceTree = BUILT_PRODUCTS_DIR; };
		632848EE25A5A5DF00E6C644 /* AppDelegate.swift */ = {isa = PBXFileReference; lastKnownFileType = sourcecode.swift; path = AppDelegate.swift; sourceTree = "<group>"; };
		632848F025A5A5DF00E6C644 /* CemeraImageRendererShaders.metal */ = {isa = PBXFileReference; lastKnownFileType = sourcecode.metal; path = CemeraImageRendererShaders.metal; sourceTree = "<group>"; };
		632848F225A5A5DF00E6C644 /* ShaderTypes.h */ = {isa = PBXFileReference; lastKnownFileType = sourcecode.c.h; path = ShaderTypes.h; sourceTree = "<group>"; };
		632848F325A5A5DF00E6C644 /* Renderer.swift */ = {isa = PBXFileReference; lastKnownFileType = sourcecode.swift; path = Renderer.swift; sourceTree = "<group>"; };
		632848F525A5A5DF00E6C644 /* ViewController.swift */ = {isa = PBXFileReference; lastKnownFileType = sourcecode.swift; path = ViewController.swift; sourceTree = "<group>"; };
		632848F825A5A5DF00E6C644 /* Base */ = {isa = PBXFileReference; lastKnownFileType = file.storyboard; name = Base; path = Base.lproj/Main.storyboard; sourceTree = "<group>"; };
		632848FA25A5A5E000E6C644 /* Assets.xcassets */ = {isa = PBXFileReference; lastKnownFileType = folder.assetcatalog; path = Assets.xcassets; sourceTree = "<group>"; };
		632848FD25A5A5E000E6C644 /* Base */ = {isa = PBXFileReference; lastKnownFileType = file.storyboard; name = Base; path = Base.lproj/LaunchScreen.storyboard; sourceTree = "<group>"; };
		632848FF25A5A5E000E6C644 /* Info.plist */ = {isa = PBXFileReference; lastKnownFileType = text.plist.xml; path = Info.plist; sourceTree = "<group>"; };
		6328490025A5A5E000E6C644 /* LiDARBasedKinectFusion-Bridging-Header.h */ = {isa = PBXFileReference; lastKnownFileType = sourcecode.c.h; path = "LiDARBasedKinectFusion-Bridging-Header.h"; sourceTree = "<group>"; };
		6328490A25A775C300E6C644 /* DepthToVertexRenderer.swift */ = {isa = PBXFileReference; lastKnownFileType = sourcecode.swift; path = DepthToVertexRenderer.swift; sourceTree = "<group>"; };
		6379D67325B5DC470047D675 /* DepthToVertexRendererShaders.metal */ = {isa = PBXFileReference; lastKnownFileType = sourcecode.metal; path = DepthToVertexRendererShaders.metal; sourceTree = "<group>"; };
		63A8FCC325B1403C002CFCE4 /* Helper.swift */ = {isa = PBXFileReference; lastKnownFileType = sourcecode.swift; path = Helper.swift; sourceTree = "<group>"; };
		63AD092225B02E6900BC52F1 /* MetalBuffer.swift */ = {isa = PBXFileReference; lastKnownFileType = sourcecode.swift; path = MetalBuffer.swift; sourceTree = "<group>"; };
		63AD092725B034C000BC52F1 /* CameraImageRenderer.swift */ = {isa = PBXFileReference; lastKnownFileType = sourcecode.swift; path = CameraImageRenderer.swift; sourceTree = "<group>"; };
		63C520BB25C97EDD007F2BD0 /* TSDFFusionRendererShaders.metal */ = {isa = PBXFileReference; lastKnownFileType = sourcecode.metal; path = TSDFFusionRendererShaders.metal; sourceTree = "<group>"; };
/* End PBXFileReference section */

/* Begin PBXFrameworksBuildPhase section */
		632848E825A5A5DF00E6C644 /* Frameworks */ = {
			isa = PBXFrameworksBuildPhase;
			buildActionMask = 2147483647;
			files = (
			);
			runOnlyForDeploymentPostprocessing = 0;
		};
/* End PBXFrameworksBuildPhase section */

/* Begin PBXGroup section */
		632848E225A5A5DF00E6C644 = {
			isa = PBXGroup;
			children = (
				632848ED25A5A5DF00E6C644 /* LiDARBasedKinectFusion */,
				632848EC25A5A5DF00E6C644 /* Products */,
			);
			sourceTree = "<group>";
		};
		632848EC25A5A5DF00E6C644 /* Products */ = {
			isa = PBXGroup;
			children = (
				632848EB25A5A5DF00E6C644 /* LiDARBasedKinectFusion.app */,
			);
			name = Products;
			sourceTree = "<group>";
		};
		632848ED25A5A5DF00E6C644 /* LiDARBasedKinectFusion */ = {
			isa = PBXGroup;
			children = (
				63AD092525B0349600BC52F1 /* Camera Image Renderer */,
				6328490725A7740700E6C644 /* Kinect Fusion */,
				63A8FCCA25B5D889002CFCE4 /* Supporting Files */,
				63A8FCC925B5D872002CFCE4 /* Utils */,
				632848EE25A5A5DF00E6C644 /* AppDelegate.swift */,
				632848F325A5A5DF00E6C644 /* Renderer.swift */,
				632848F525A5A5DF00E6C644 /* ViewController.swift */,
				632848F725A5A5DF00E6C644 /* Main.storyboard */,
			);
			path = LiDARBasedKinectFusion;
			sourceTree = "<group>";
		};
		6328490725A7740700E6C644 /* Kinect Fusion */ = {
			isa = PBXGroup;
			children = (
				6328490825A7741500E6C644 /* Deptch to Vertex */,
				637A341625C54CE20089E28C /* TSDF Fusion */,
			);
			path = "Kinect Fusion";
			sourceTree = "<group>";
		};
		6328490825A7741500E6C644 /* Deptch to Vertex */ = {
			isa = PBXGroup;
			children = (
				6328490A25A775C300E6C644 /* DepthToVertexRenderer.swift */,
				6379D67325B5DC470047D675 /* DepthToVertexRendererShaders.metal */,
			);
			path = "Deptch to Vertex";
			sourceTree = "<group>";
		};
		637A341625C54CE20089E28C /* TSDF Fusion */ = {
			isa = PBXGroup;
			children = (
				63C520BB25C97EDD007F2BD0 /* TSDFFusionRendererShaders.metal */,
			);
			path = "TSDF Fusion";
			sourceTree = "<group>";
		};
		63A8FCC925B5D872002CFCE4 /* Utils */ = {
			isa = PBXGroup;
			children = (
				632848F225A5A5DF00E6C644 /* ShaderTypes.h */,
				63AD092225B02E6900BC52F1 /* MetalBuffer.swift */,
				63A8FCC325B1403C002CFCE4 /* Helper.swift */,
			);
			path = Utils;
			sourceTree = "<group>";
		};
		63A8FCCA25B5D889002CFCE4 /* Supporting Files */ = {
			isa = PBXGroup;
			children = (
				632848FA25A5A5E000E6C644 /* Assets.xcassets */,
				632848FC25A5A5E000E6C644 /* LaunchScreen.storyboard */,
				632848FF25A5A5E000E6C644 /* Info.plist */,
				6328490025A5A5E000E6C644 /* LiDARBasedKinectFusion-Bridging-Header.h */,
			);
			path = "Supporting Files";
			sourceTree = "<group>";
		};
		63AD092525B0349600BC52F1 /* Camera Image Renderer */ = {
			isa = PBXGroup;
			children = (
				632848F025A5A5DF00E6C644 /* CemeraImageRendererShaders.metal */,
				63AD092725B034C000BC52F1 /* CameraImageRenderer.swift */,
			);
			path = "Camera Image Renderer";
			sourceTree = "<group>";
		};
/* End PBXGroup section */

/* Begin PBXNativeTarget section */
		632848EA25A5A5DF00E6C644 /* LiDARBasedKinectFusion */ = {
			isa = PBXNativeTarget;
			buildConfigurationList = 6328490325A5A5E000E6C644 /* Build configuration list for PBXNativeTarget "LiDARBasedKinectFusion" */;
			buildPhases = (
				632848E725A5A5DF00E6C644 /* Sources */,
				632848E825A5A5DF00E6C644 /* Frameworks */,
				632848E925A5A5DF00E6C644 /* Resources */,
			);
			buildRules = (
			);
			dependencies = (
			);
			name = LiDARBasedKinectFusion;
			productName = LiDARBasedKinectFusion;
			productReference = 632848EB25A5A5DF00E6C644 /* LiDARBasedKinectFusion.app */;
			productType = "com.apple.product-type.application";
		};
/* End PBXNativeTarget section */

/* Begin PBXProject section */
		632848E325A5A5DF00E6C644 /* Project object */ = {
			isa = PBXProject;
			attributes = {
				LastSwiftUpdateCheck = 1230;
				LastUpgradeCheck = 1230;
				TargetAttributes = {
					632848EA25A5A5DF00E6C644 = {
						CreatedOnToolsVersion = 12.3;
					};
				};
			};
			buildConfigurationList = 632848E625A5A5DF00E6C644 /* Build configuration list for PBXProject "LiDARBasedKinectFusion" */;
			compatibilityVersion = "Xcode 9.3";
			developmentRegion = en;
			hasScannedForEncodings = 0;
			knownRegions = (
				en,
				Base,
			);
			mainGroup = 632848E225A5A5DF00E6C644;
			productRefGroup = 632848EC25A5A5DF00E6C644 /* Products */;
			projectDirPath = "";
			projectRoot = "";
			targets = (
				632848EA25A5A5DF00E6C644 /* LiDARBasedKinectFusion */,
			);
		};
/* End PBXProject section */

/* Begin PBXResourcesBuildPhase section */
		632848E925A5A5DF00E6C644 /* Resources */ = {
			isa = PBXResourcesBuildPhase;
			buildActionMask = 2147483647;
			files = (
				632848FE25A5A5E000E6C644 /* LaunchScreen.storyboard in Resources */,
				632848FB25A5A5E000E6C644 /* Assets.xcassets in Resources */,
				632848F925A5A5DF00E6C644 /* Main.storyboard in Resources */,
			);
			runOnlyForDeploymentPostprocessing = 0;
		};
/* End PBXResourcesBuildPhase section */

/* Begin PBXSourcesBuildPhase section */
		632848E725A5A5DF00E6C644 /* Sources */ = {
			isa = PBXSourcesBuildPhase;
			buildActionMask = 2147483647;
			files = (
				6328490B25A775C300E6C644 /* DepthToVertexRenderer.swift in Sources */,
				632848F125A5A5DF00E6C644 /* CemeraImageRendererShaders.metal in Sources */,
				63AD092825B034C000BC52F1 /* CameraImageRenderer.swift in Sources */,
				632848F425A5A5DF00E6C644 /* Renderer.swift in Sources */,
				632848F625A5A5DF00E6C644 /* ViewController.swift in Sources */,
				6379D67425B5DC470047D675 /* DepthToVertexRendererShaders.metal in Sources */,
				632848EF25A5A5DF00E6C644 /* AppDelegate.swift in Sources */,
				63AD092325B02E6900BC52F1 /* MetalBuffer.swift in Sources */,
				63C520BC25C97EDD007F2BD0 /* TSDFFusionRendererShaders.metal in Sources */,
				63A8FCC425B1403C002CFCE4 /* Helper.swift in Sources */,
			);
			runOnlyForDeploymentPostprocessing = 0;
		};
/* End PBXSourcesBuildPhase section */

/* Begin PBXVariantGroup section */
		632848F725A5A5DF00E6C644 /* Main.storyboard */ = {
			isa = PBXVariantGroup;
			children = (
				632848F825A5A5DF00E6C644 /* Base */,
			);
			name = Main.storyboard;
			sourceTree = "<group>";
		};
		632848FC25A5A5E000E6C644 /* LaunchScreen.storyboard */ = {
			isa = PBXVariantGroup;
			children = (
				632848FD25A5A5E000E6C644 /* Base */,
			);
			name = LaunchScreen.storyboard;
			sourceTree = "<group>";
		};
/* End PBXVariantGroup section */

/* Begin XCBuildConfiguration section */
		6328490125A5A5E000E6C644 /* Debug */ = {
			isa = XCBuildConfiguration;
			buildSettings = {
				ALWAYS_SEARCH_USER_PATHS = NO;
				CLANG_ANALYZER_NONNULL = YES;
				CLANG_ANALYZER_NUMBER_OBJECT_CONVERSION = YES_AGGRESSIVE;
				CLANG_CXX_LANGUAGE_STANDARD = "gnu++14";
				CLANG_CXX_LIBRARY = "libc++";
				CLANG_ENABLE_MODULES = YES;
				CLANG_ENABLE_OBJC_ARC = YES;
				CLANG_ENABLE_OBJC_WEAK = YES;
				CLANG_WARN_BLOCK_CAPTURE_AUTORELEASING = YES;
				CLANG_WARN_BOOL_CONVERSION = YES;
				CLANG_WARN_COMMA = YES;
				CLANG_WARN_CONSTANT_CONVERSION = YES;
				CLANG_WARN_DEPRECATED_OBJC_IMPLEMENTATIONS = YES;
				CLANG_WARN_DIRECT_OBJC_ISA_USAGE = YES_ERROR;
				CLANG_WARN_DOCUMENTATION_COMMENTS = YES;
				CLANG_WARN_EMPTY_BODY = YES;
				CLANG_WARN_ENUM_CONVERSION = YES;
				CLANG_WARN_INFINITE_RECURSION = YES;
				CLANG_WARN_INT_CONVERSION = YES;
				CLANG_WARN_NON_LITERAL_NULL_CONVERSION = YES;
				CLANG_WARN_OBJC_IMPLICIT_RETAIN_SELF = YES;
				CLANG_WARN_OBJC_LITERAL_CONVERSION = YES;
				CLANG_WARN_OBJC_ROOT_CLASS = YES_ERROR;
				CLANG_WARN_QUOTED_INCLUDE_IN_FRAMEWORK_HEADER = YES;
				CLANG_WARN_RANGE_LOOP_ANALYSIS = YES;
				CLANG_WARN_STRICT_PROTOTYPES = YES;
				CLANG_WARN_SUSPICIOUS_MOVE = YES;
				CLANG_WARN_UNGUARDED_AVAILABILITY = YES_AGGRESSIVE;
				CLANG_WARN_UNREACHABLE_CODE = YES;
				CLANG_WARN__DUPLICATE_METHOD_MATCH = YES;
				COPY_PHASE_STRIP = NO;
				DEBUG_INFORMATION_FORMAT = dwarf;
				ENABLE_STRICT_OBJC_MSGSEND = YES;
				ENABLE_TESTABILITY = YES;
				GCC_C_LANGUAGE_STANDARD = gnu11;
				GCC_DYNAMIC_NO_PIC = NO;
				GCC_NO_COMMON_BLOCKS = YES;
				GCC_OPTIMIZATION_LEVEL = 0;
				GCC_PREPROCESSOR_DEFINITIONS = (
					"DEBUG=1",
					"$(inherited)",
				);
				GCC_WARN_64_TO_32_BIT_CONVERSION = YES;
				GCC_WARN_ABOUT_RETURN_TYPE = YES_ERROR;
				GCC_WARN_UNDECLARED_SELECTOR = YES;
				GCC_WARN_UNINITIALIZED_AUTOS = YES_AGGRESSIVE;
				GCC_WARN_UNUSED_FUNCTION = YES;
				GCC_WARN_UNUSED_VARIABLE = YES;
				IPHONEOS_DEPLOYMENT_TARGET = 14.3;
				MTL_ENABLE_DEBUG_INFO = INCLUDE_SOURCE;
				MTL_FAST_MATH = YES;
				ONLY_ACTIVE_ARCH = YES;
				SDKROOT = iphoneos;
				SWIFT_ACTIVE_COMPILATION_CONDITIONS = DEBUG;
				SWIFT_OPTIMIZATION_LEVEL = "-Onone";
			};
			name = Debug;
		};
		6328490225A5A5E000E6C644 /* Release */ = {
			isa = XCBuildConfiguration;
			buildSettings = {
				ALWAYS_SEARCH_USER_PATHS = NO;
				CLANG_ANALYZER_NONNULL = YES;
				CLANG_ANALYZER_NUMBER_OBJECT_CONVERSION = YES_AGGRESSIVE;
				CLANG_CXX_LANGUAGE_STANDARD = "gnu++14";
				CLANG_CXX_LIBRARY = "libc++";
				CLANG_ENABLE_MODULES = YES;
				CLANG_ENABLE_OBJC_ARC = YES;
				CLANG_ENABLE_OBJC_WEAK = YES;
				CLANG_WARN_BLOCK_CAPTURE_AUTORELEASING = YES;
				CLANG_WARN_BOOL_CONVERSION = YES;
				CLANG_WARN_COMMA = YES;
				CLANG_WARN_CONSTANT_CONVERSION = YES;
				CLANG_WARN_DEPRECATED_OBJC_IMPLEMENTATIONS = YES;
				CLANG_WARN_DIRECT_OBJC_ISA_USAGE = YES_ERROR;
				CLANG_WARN_DOCUMENTATION_COMMENTS = YES;
				CLANG_WARN_EMPTY_BODY = YES;
				CLANG_WARN_ENUM_CONVERSION = YES;
				CLANG_WARN_INFINITE_RECURSION = YES;
				CLANG_WARN_INT_CONVERSION = YES;
				CLANG_WARN_NON_LITERAL_NULL_CONVERSION = YES;
				CLANG_WARN_OBJC_IMPLICIT_RETAIN_SELF = YES;
				CLANG_WARN_OBJC_LITERAL_CONVERSION = YES;
				CLANG_WARN_OBJC_ROOT_CLASS = YES_ERROR;
				CLANG_WARN_QUOTED_INCLUDE_IN_FRAMEWORK_HEADER = YES;
				CLANG_WARN_RANGE_LOOP_ANALYSIS = YES;
				CLANG_WARN_STRICT_PROTOTYPES = YES;
				CLANG_WARN_SUSPICIOUS_MOVE = YES;
				CLANG_WARN_UNGUARDED_AVAILABILITY = YES_AGGRESSIVE;
				CLANG_WARN_UNREACHABLE_CODE = YES;
				CLANG_WARN__DUPLICATE_METHOD_MATCH = YES;
				COPY_PHASE_STRIP = NO;
				DEBUG_INFORMATION_FORMAT = "dwarf-with-dsym";
				ENABLE_NS_ASSERTIONS = NO;
				ENABLE_STRICT_OBJC_MSGSEND = YES;
				GCC_C_LANGUAGE_STANDARD = gnu11;
				GCC_NO_COMMON_BLOCKS = YES;
				GCC_WARN_64_TO_32_BIT_CONVERSION = YES;
				GCC_WARN_ABOUT_RETURN_TYPE = YES_ERROR;
				GCC_WARN_UNDECLARED_SELECTOR = YES;
				GCC_WARN_UNINITIALIZED_AUTOS = YES_AGGRESSIVE;
				GCC_WARN_UNUSED_FUNCTION = YES;
				GCC_WARN_UNUSED_VARIABLE = YES;
				IPHONEOS_DEPLOYMENT_TARGET = 14.3;
				MTL_ENABLE_DEBUG_INFO = NO;
				MTL_FAST_MATH = YES;
				SDKROOT = iphoneos;
				SWIFT_COMPILATION_MODE = wholemodule;
				SWIFT_OPTIMIZATION_LEVEL = "-O";
				VALIDATE_PRODUCT = YES;
			};
			name = Release;
		};
		6328490425A5A5E000E6C644 /* Debug */ = {
			isa = XCBuildConfiguration;
			buildSettings = {
				ASSETCATALOG_COMPILER_APPICON_NAME = AppIcon;
				ASSETCATALOG_COMPILER_GLOBAL_ACCENT_COLOR_NAME = AccentColor;
				CODE_SIGN_STYLE = Automatic;
				DEVELOPMENT_TEAM = XKUVHTJ3W8;
				INFOPLIST_FILE = "LiDARBasedKinectFusion/Supporting Files/Info.plist";
				LD_RUNPATH_SEARCH_PATHS = (
					"$(inherited)",
					"@executable_path/Frameworks",
				);
				MTL_HEADER_SEARCH_PATHS = "$(PROJECT_DIR)/LiDARBasedKinectFusion/Utils";
				PRODUCT_BUNDLE_IDENTIFIER = me.jjayhen.LiDARBasedKinectFusion;
				PRODUCT_NAME = "$(TARGET_NAME)";
				SWIFT_OBJC_BRIDGING_HEADER = "LiDARBasedKinectFusion/Supporting Files/LiDARBasedKinectFusion-Bridging-Header.h";
				SWIFT_VERSION = 5.0;
				TARGETED_DEVICE_FAMILY = "1,2";
			};
			name = Debug;
		};
		6328490525A5A5E000E6C644 /* Release */ = {
			isa = XCBuildConfiguration;
			buildSettings = {
				ASSETCATALOG_COMPILER_APPICON_NAME = AppIcon;
				ASSETCATALOG_COMPILER_GLOBAL_ACCENT_COLOR_NAME = AccentColor;
				CODE_SIGN_STYLE = Automatic;
				DEVELOPMENT_TEAM = XKUVHTJ3W8;
				INFOPLIST_FILE = "LiDARBasedKinectFusion/Supporting Files/Info.plist";
				LD_RUNPATH_SEARCH_PATHS = (
					"$(inherited)",
					"@executable_path/Frameworks",
				);
				MTL_HEADER_SEARCH_PATHS = "$(PROJECT_DIR)/LiDARBasedKinectFusion/Utils";
				PRODUCT_BUNDLE_IDENTIFIER = me.jjayhen.LiDARBasedKinectFusion;
				PRODUCT_NAME = "$(TARGET_NAME)";
				SWIFT_OBJC_BRIDGING_HEADER = "LiDARBasedKinectFusion/Supporting Files/LiDARBasedKinectFusion-Bridging-Header.h";
				SWIFT_VERSION = 5.0;
				TARGETED_DEVICE_FAMILY = "1,2";
			};
			name = Release;
		};
/* End XCBuildConfiguration section */

/* Begin XCConfigurationList section */
		632848E625A5A5DF00E6C644 /* Build configuration list for PBXProject "LiDARBasedKinectFusion" */ = {
			isa = XCConfigurationList;
			buildConfigurations = (
				6328490125A5A5E000E6C644 /* Debug */,
				6328490225A5A5E000E6C644 /* Release */,
			);
			defaultConfigurationIsVisible = 0;
			defaultConfigurationName = Release;
		};
		6328490325A5A5E000E6C644 /* Build configuration list for PBXNativeTarget "LiDARBasedKinectFusion" */ = {
			isa = XCConfigurationList;
			buildConfigurations = (
				6328490425A5A5E000E6C644 /* Debug */,
				6328490525A5A5E000E6C644 /* Release */,
			);
			defaultConfigurationIsVisible = 0;
			defaultConfigurationName = Release;
		};
/* End XCConfigurationList section */
	};
	rootObject = 632848E325A5A5DF00E6C644 /* Project object */;
}
